
Microsoft Visual Studio Solution File, Format Version 12.00
# Visual Studio 15
VisualStudioVersion = 15.0.26430.4
MinimumVisualStudioVersion = 10.0.40219.1
Project("{FAE04EC0-301F-11D3-BF4B-00C04F79EFBC}") = "Opg01", "Opg01\Opg01.csproj", "{79A75FA8-8BCA-4358-9538-9792A2AEEA93}"
EndProject
Project("{FAE04EC0-301F-11D3-BF4B-00C04F79EFBC}") = "Opg02", "Opg02\Opg02.csproj", "{C8A193CE-5D66-4AF0-BE8D-4292DF02EC3C}"
EndProject
Project("{FAE04EC0-301F-11D3-BF4B-00C04F79EFBC}") = "Opg03", "Opg03\Opg03.csproj", "{EEF45788-6D4F-45E5-8890-2E01265F6C95}"
EndProject
Project("{FAE04EC0-301F-11D3-BF4B-00C04F79EFBC}") = "Opg04", "Opg04\Opg04.csproj", "{F99B7AA5-5ED7-4397-97CC-4B488C2AF367}"
EndProject
Project("{FAE04EC0-301F-11D3-BF4B-00C04F79EFBC}") = "Opg05", "Opg05\Opg05.csproj", "{DF289750-8A8C-449B-9EBD-76237694ECC7}"
EndProject
Project("{FAE04EC0-301F-11D3-BF4B-00C04F79EFBC}") = "Opg05.1", "Opg05.1\Opg05.1.csproj", "{85BCF8FE-F27C-4E1D-B301-92C4AA687A3D}"
EndProject
Project("{FAE04EC0-301F-11D3-BF4B-00C04F79EFBC}") = "Opg06", "Opg06\Opg06.csproj", "{2D807CBB-7246-4184-9580-0EF017E9E015}"
EndProject
Project("{FAE04EC0-301F-11D3-BF4B-00C04F79EFBC}") = "Opg07", "Opg07\Opg07.csproj", "{62984F24-8C41-4099-8724-EA71531B7A28}"
EndProject
Project("{FAE04EC0-301F-11D3-BF4B-00C04F79EFBC}") = "Opg09", "Opg09\Opg09.csproj", "{BAB0583B-91CA-4D38-AE5E-2A885B1A8A8B}"
EndProject
Project("{FAE04EC0-301F-11D3-BF4B-00C04F79EFBC}") = "Opg10", "Opg10\Opg10.csproj", "{ADBD60DB-E25C-4A5B-BCFD-5D28EC7555BC}"
EndProject
Project("{FAE04EC0-301F-11D3-BF4B-00C04F79EFBC}") = "Opg11", "Opg11\Opg11.csproj", "{2664BFED-0A25-40A1-AE6D-2215020DE066}"
EndProject
Project("{FAE04EC0-301F-11D3-BF4B-00C04F79EFBC}") = "Opg12", "Opg12\Opg12.csproj", "{BA49B59D-6D42-41B4-9E3F-8DB97969A6EA}"
EndProject
Project("{FAE04EC0-301F-11D3-BF4B-00C04F79EFBC}") = "Opg13", "Opg13\Opg13.csproj", "{6626FD49-2D7D-4C09-923E-E4AE4A91F518}"
EndProject
Project("{FAE04EC0-301F-11D3-BF4B-00C04F79EFBC}") = "Opg14", "Opg14\Opg14.csproj", "{D8F13CA4-65BA-4419-9766-3BAC41A6B2CB}"
EndProject
Project("{FAE04EC0-301F-11D3-BF4B-00C04F79EFBC}") = "Opg15", "Opg15\Opg15.csproj", "{BE932902-90A3-462D-9A52-14F9C0709C1C}"
EndProject
Project("{FAE04EC0-301F-11D3-BF4B-00C04F79EFBC}") = "Opg16", "Opg16\Opg16.csproj", "{DBEE997B-8FFE-479E-BD25-DB385F977886}"
EndProject
Project("{FAE04EC0-301F-11D3-BF4B-00C04F79EFBC}") = "Opg17", "Opg17\Opg17.csproj", "{173A8800-E054-4EA4-ACB0-E730FB7A4016}"
EndProject
Project("{FAE04EC0-301F-11D3-BF4B-00C04F79EFBC}") = "Opg18", "Opg18\Opg18.csproj", "{70E8F734-B2AA-4109-BAEF-4DE9520F39C5}"
EndProject
Project("{FAE04EC0-301F-11D3-BF4B-00C04F79EFBC}") = "Opg19", "Opg19\Opg19.csproj", "{7F7042F5-678B-4273-B50E-C403D7A6725B}"
EndProject
Project("{FAE04EC0-301F-11D3-BF4B-00C04F79EFBC}") = "Opg20", "Opg20\Opg20.csproj", "{FCC8B897-1424-4BD4-AB76-51B3D2853573}"
EndProject
Project("{FAE04EC0-301F-11D3-BF4B-00C04F79EFBC}") = "Opg21", "Opg21\Opg21.csproj", "{B79FDED6-BF22-4532-A6DF-BD7C2AC06A70}"
EndProject
Project("{FAE04EC0-301F-11D3-BF4B-00C04F79EFBC}") = "Opg22", "Opg22\Opg22.csproj", "{3496AC0B-E221-4F35-9D97-5070EEB7772F}"
EndProject
Global
	GlobalSection(SolutionConfigurationPlatforms) = preSolution
		Debug|Any CPU = Debug|Any CPU
		Release|Any CPU = Release|Any CPU
	EndGlobalSection
	GlobalSection(ProjectConfigurationPlatforms) = postSolution
		{79A75FA8-8BCA-4358-9538-9792A2AEEA93}.Debug|Any CPU.ActiveCfg = Debug|Any CPU
		{79A75FA8-8BCA-4358-9538-9792A2AEEA93}.Debug|Any CPU.Build.0 = Debug|Any CPU
		{79A75FA8-8BCA-4358-9538-9792A2AEEA93}.Release|Any CPU.ActiveCfg = Release|Any CPU
		{79A75FA8-8BCA-4358-9538-9792A2AEEA93}.Release|Any CPU.Build.0 = Release|Any CPU
		{C8A193CE-5D66-4AF0-BE8D-4292DF02EC3C}.Debug|Any CPU.ActiveCfg = Debug|Any CPU
		{C8A193CE-5D66-4AF0-BE8D-4292DF02EC3C}.Debug|Any CPU.Build.0 = Debug|Any CPU
		{C8A193CE-5D66-4AF0-BE8D-4292DF02EC3C}.Release|Any CPU.ActiveCfg = Release|Any CPU
		{C8A193CE-5D66-4AF0-BE8D-4292DF02EC3C}.Release|Any CPU.Build.0 = Release|Any CPU
		{EEF45788-6D4F-45E5-8890-2E01265F6C95}.Debug|Any CPU.ActiveCfg = Debug|Any CPU
		{EEF45788-6D4F-45E5-8890-2E01265F6C95}.Debug|Any CPU.Build.0 = Debug|Any CPU
		{EEF45788-6D4F-45E5-8890-2E01265F6C95}.Release|Any CPU.ActiveCfg = Release|Any CPU
		{EEF45788-6D4F-45E5-8890-2E01265F6C95}.Release|Any CPU.Build.0 = Release|Any CPU
		{F99B7AA5-5ED7-4397-97CC-4B488C2AF367}.Debug|Any CPU.ActiveCfg = Debug|Any CPU
		{F99B7AA5-5ED7-4397-97CC-4B488C2AF367}.Debug|Any CPU.Build.0 = Debug|Any CPU
		{F99B7AA5-5ED7-4397-97CC-4B488C2AF367}.Release|Any CPU.ActiveCfg = Release|Any CPU
		{F99B7AA5-5ED7-4397-97CC-4B488C2AF367}.Release|Any CPU.Build.0 = Release|Any CPU
		{DF289750-8A8C-449B-9EBD-76237694ECC7}.Debug|Any CPU.ActiveCfg = Debug|Any CPU
		{DF289750-8A8C-449B-9EBD-76237694ECC7}.Debug|Any CPU.Build.0 = Debug|Any CPU
		{DF289750-8A8C-449B-9EBD-76237694ECC7}.Release|Any CPU.ActiveCfg = Release|Any CPU
		{DF289750-8A8C-449B-9EBD-76237694ECC7}.Release|Any CPU.Build.0 = Release|Any CPU
		{85BCF8FE-F27C-4E1D-B301-92C4AA687A3D}.Debug|Any CPU.ActiveCfg = Debug|Any CPU
		{85BCF8FE-F27C-4E1D-B301-92C4AA687A3D}.Debug|Any CPU.Build.0 = Debug|Any CPU
		{85BCF8FE-F27C-4E1D-B301-92C4AA687A3D}.Release|Any CPU.ActiveCfg = Release|Any CPU
		{85BCF8FE-F27C-4E1D-B301-92C4AA687A3D}.Release|Any CPU.Build.0 = Release|Any CPU
		{2D807CBB-7246-4184-9580-0EF017E9E015}.Debug|Any CPU.ActiveCfg = Debug|Any CPU
		{2D807CBB-7246-4184-9580-0EF017E9E015}.Debug|Any CPU.Build.0 = Debug|Any CPU
		{2D807CBB-7246-4184-9580-0EF017E9E015}.Release|Any CPU.ActiveCfg = Release|Any CPU
		{2D807CBB-7246-4184-9580-0EF017E9E015}.Release|Any CPU.Build.0 = Release|Any CPU
		{62984F24-8C41-4099-8724-EA71531B7A28}.Debug|Any CPU.ActiveCfg = Debug|Any CPU
		{62984F24-8C41-4099-8724-EA71531B7A28}.Debug|Any CPU.Build.0 = Debug|Any CPU
		{62984F24-8C41-4099-8724-EA71531B7A28}.Release|Any CPU.ActiveCfg = Release|Any CPU
		{62984F24-8C41-4099-8724-EA71531B7A28}.Release|Any CPU.Build.0 = Release|Any CPU
		{BAB0583B-91CA-4D38-AE5E-2A885B1A8A8B}.Debug|Any CPU.ActiveCfg = Debug|Any CPU
		{BAB0583B-91CA-4D38-AE5E-2A885B1A8A8B}.Debug|Any CPU.Build.0 = Debug|Any CPU
		{BAB0583B-91CA-4D38-AE5E-2A885B1A8A8B}.Release|Any CPU.ActiveCfg = Release|Any CPU
		{BAB0583B-91CA-4D38-AE5E-2A885B1A8A8B}.Release|Any CPU.Build.0 = Release|Any CPU
		{ADBD60DB-E25C-4A5B-BCFD-5D28EC7555BC}.Debug|Any CPU.ActiveCfg = Debug|Any CPU
		{ADBD60DB-E25C-4A5B-BCFD-5D28EC7555BC}.Debug|Any CPU.Build.0 = Debug|Any CPU
		{ADBD60DB-E25C-4A5B-BCFD-5D28EC7555BC}.Release|Any CPU.ActiveCfg = Release|Any CPU
		{ADBD60DB-E25C-4A5B-BCFD-5D28EC7555BC}.Release|Any CPU.Build.0 = Release|Any CPU
		{2664BFED-0A25-40A1-AE6D-2215020DE066}.Debug|Any CPU.ActiveCfg = Debug|Any CPU
		{2664BFED-0A25-40A1-AE6D-2215020DE066}.Debug|Any CPU.Build.0 = Debug|Any CPU
		{2664BFED-0A25-40A1-AE6D-2215020DE066}.Release|Any CPU.ActiveCfg = Release|Any CPU
		{2664BFED-0A25-40A1-AE6D-2215020DE066}.Release|Any CPU.Build.0 = Release|Any CPU
		{BA49B59D-6D42-41B4-9E3F-8DB97969A6EA}.Debug|Any CPU.ActiveCfg = Debug|Any CPU
		{BA49B59D-6D42-41B4-9E3F-8DB97969A6EA}.Debug|Any CPU.Build.0 = Debug|Any CPU
		{BA49B59D-6D42-41B4-9E3F-8DB97969A6EA}.Release|Any CPU.ActiveCfg = Release|Any CPU
		{BA49B59D-6D42-41B4-9E3F-8DB97969A6EA}.Release|Any CPU.Build.0 = Release|Any CPU
		{6626FD49-2D7D-4C09-923E-E4AE4A91F518}.Debug|Any CPU.ActiveCfg = Debug|Any CPU
		{6626FD49-2D7D-4C09-923E-E4AE4A91F518}.Debug|Any CPU.Build.0 = Debug|Any CPU
		{6626FD49-2D7D-4C09-923E-E4AE4A91F518}.Release|Any CPU.ActiveCfg = Release|Any CPU
		{6626FD49-2D7D-4C09-923E-E4AE4A91F518}.Release|Any CPU.Build.0 = Release|Any CPU
		{D8F13CA4-65BA-4419-9766-3BAC41A6B2CB}.Debug|Any CPU.ActiveCfg = Debug|Any CPU
		{D8F13CA4-65BA-4419-9766-3BAC41A6B2CB}.Debug|Any CPU.Build.0 = Debug|Any CPU
		{D8F13CA4-65BA-4419-9766-3BAC41A6B2CB}.Release|Any CPU.ActiveCfg = Release|Any CPU
		{D8F13CA4-65BA-4419-9766-3BAC41A6B2CB}.Release|Any CPU.Build.0 = Release|Any CPU
		{BE932902-90A3-462D-9A52-14F9C0709C1C}.Debug|Any CPU.ActiveCfg = Debug|Any CPU
		{BE932902-90A3-462D-9A52-14F9C0709C1C}.Debug|Any CPU.Build.0 = Debug|Any CPU
		{BE932902-90A3-462D-9A52-14F9C0709C1C}.Release|Any CPU.ActiveCfg = Release|Any CPU
		{BE932902-90A3-462D-9A52-14F9C0709C1C}.Release|Any CPU.Build.0 = Release|Any CPU
		{DBEE997B-8FFE-479E-BD25-DB385F977886}.Debug|Any CPU.ActiveCfg = Debug|Any CPU
		{DBEE997B-8FFE-479E-BD25-DB385F977886}.Debug|Any CPU.Build.0 = Debug|Any CPU
		{DBEE997B-8FFE-479E-BD25-DB385F977886}.Release|Any CPU.ActiveCfg = Release|Any CPU
		{DBEE997B-8FFE-479E-BD25-DB385F977886}.Release|Any CPU.Build.0 = Release|Any CPU
		{173A8800-E054-4EA4-ACB0-E730FB7A4016}.Debug|Any CPU.ActiveCfg = Debug|Any CPU
		{173A8800-E054-4EA4-ACB0-E730FB7A4016}.Debug|Any CPU.Build.0 = Debug|Any CPU
		{173A8800-E054-4EA4-ACB0-E730FB7A4016}.Release|Any CPU.ActiveCfg = Release|Any CPU
		{173A8800-E054-4EA4-ACB0-E730FB7A4016}.Release|Any CPU.Build.0 = Release|Any CPU
		{70E8F734-B2AA-4109-BAEF-4DE9520F39C5}.Debug|Any CPU.ActiveCfg = Debug|Any CPU
		{70E8F734-B2AA-4109-BAEF-4DE9520F39C5}.Debug|Any CPU.Build.0 = Debug|Any CPU
		{70E8F734-B2AA-4109-BAEF-4DE9520F39C5}.Release|Any CPU.ActiveCfg = Release|Any CPU
		{70E8F734-B2AA-4109-BAEF-4DE9520F39C5}.Release|Any CPU.Build.0 = Release|Any CPU
		{7F7042F5-678B-4273-B50E-C403D7A6725B}.Debug|Any CPU.ActiveCfg = Debug|Any CPU
		{7F7042F5-678B-4273-B50E-C403D7A6725B}.Debug|Any CPU.Build.0 = Debug|Any CPU
		{7F7042F5-678B-4273-B50E-C403D7A6725B}.Release|Any CPU.ActiveCfg = Release|Any CPU
		{7F7042F5-678B-4273-B50E-C403D7A6725B}.Release|Any CPU.Build.0 = Release|Any CPU
		{FCC8B897-1424-4BD4-AB76-51B3D2853573}.Debug|Any CPU.ActiveCfg = Debug|Any CPU
		{FCC8B897-1424-4BD4-AB76-51B3D2853573}.Debug|Any CPU.Build.0 = Debug|Any CPU
		{FCC8B897-1424-4BD4-AB76-51B3D2853573}.Release|Any CPU.ActiveCfg = Release|Any CPU
		{FCC8B897-1424-4BD4-AB76-51B3D2853573}.Release|Any CPU.Build.0 = Release|Any CPU
		{B79FDED6-BF22-4532-A6DF-BD7C2AC06A70}.Debug|Any CPU.ActiveCfg = Debug|Any CPU
		{B79FDED6-BF22-4532-A6DF-BD7C2AC06A70}.Debug|Any CPU.Build.0 = Debug|Any CPU
		{B79FDED6-BF22-4532-A6DF-BD7C2AC06A70}.Release|Any CPU.ActiveCfg = Release|Any CPU
		{B79FDED6-BF22-4532-A6DF-BD7C2AC06A70}.Release|Any CPU.Build.0 = Release|Any CPU
		{3496AC0B-E221-4F35-9D97-5070EEB7772F}.Debug|Any CPU.ActiveCfg = Debug|Any CPU
		{3496AC0B-E221-4F35-9D97-5070EEB7772F}.Debug|Any CPU.Build.0 = Debug|Any CPU
		{3496AC0B-E221-4F35-9D97-5070EEB7772F}.Release|Any CPU.ActiveCfg = Release|Any CPU
		{3496AC0B-E221-4F35-9D97-5070EEB7772F}.Release|Any CPU.Build.0 = Release|Any CPU
	EndGlobalSection
	GlobalSection(SolutionProperties) = preSolution
		HideSolutionNode = FALSE
	EndGlobalSection
EndGlobal
